
Microsoft Visual Studio Solution File, Format Version 12.00
# Visual Studio 15
VisualStudioVersion = 15.0.28010.2046
MinimumVisualStudioVersion = 10.0.40219.1
Project("{FAE04EC0-301F-11D3-BF4B-00C04F79EFBC}") = "InsertingShipperWithLINQandEF", "InsertingShipperWithLINQandEF.csproj", "{68CA43E8-494F-432D-B385-D77D1DF7EE1D}"
EndProject
Global
	GlobalSection(SolutionConfigurationPlatforms) = preSolution
		Debug|Any CPU = Debug|Any CPU
		Release|Any CPU = Release|Any CPU
	EndGlobalSection
	GlobalSection(ProjectConfigurationPlatforms) = postSolution
		{68CA43E8-494F-432D-B385-D77D1DF7EE1D}.Debug|Any CPU.ActiveCfg = Debug|Any CPU
		{68CA43E8-494F-432D-B385-D77D1DF7EE1D}.Debug|Any CPU.Build.0 = Debug|Any CPU
		{68CA43E8-494F-432D-B385-D77D1DF7EE1D}.Release|Any CPU.ActiveCfg = Release|Any CPU
		{68CA43E8-494F-432D-B385-D77D1DF7EE1D}.Release|Any CPU.Build.0 = Release|Any CPU
	EndGlobalSection
	GlobalSection(SolutionProperties) = preSolution
		HideSolutionNode = FALSE
	EndGlobalSection
	GlobalSection(ExtensibilityGlobals) = postSolution
		SolutionGuid = {6468A7C0-68D5-47DD-9DCE-B925C7E5F67F}
	EndGlobalSection
EndGlobal
